
Microsoft Visual Studio Solution File, Format Version 12.00
# Visual Studio Version 16
VisualStudioVersion = 16.0.31005.135
MinimumVisualStudioVersion = 10.0.40219.1
Project("{FAE04EC0-301F-11D3-BF4B-00C04F79EFBC}") = "MvcDemo", "MvcDemo\MvcDemo.csproj", "{969872CC-FC15-43E2-9C48-1F4A59E54DAE}"
EndProject
Global
	GlobalSection(SolutionConfigurationPlatforms) = preSolution
		Debug|Any CPU = Debug|Any CPU
		Release|Any CPU = Release|Any CPU
	EndGlobalSection
	GlobalSection(ProjectConfigurationPlatforms) = postSolution
		{969872CC-FC15-43E2-9C48-1F4A59E54DAE}.Debug|Any CPU.ActiveCfg = Debug|Any CPU
		{969872CC-FC15-43E2-9C48-1F4A59E54DAE}.Debug|Any CPU.Build.0 = Debug|Any CPU
		{969872CC-FC15-43E2-9C48-1F4A59E54DAE}.Release|Any CPU.ActiveCfg = Release|Any CPU
		{969872CC-FC15-43E2-9C48-1F4A59E54DAE}.Release|Any CPU.Build.0 = Release|Any CPU
	EndGlobalSection
	GlobalSection(SolutionProperties) = preSolution
		HideSolutionNode = FALSE
	EndGlobalSection
	GlobalSection(ExtensibilityGlobals) = postSolution
		SolutionGuid = {C07E84BF-3DCB-48E7-9731-16DA0AE042B8}
	EndGlobalSection
EndGlobal
